
Microsoft Visual Studio Solution File, Format Version 12.00
# Visual Studio Version 17
VisualStudioVersion = 17.3.32825.248
MinimumVisualStudioVersion = 10.0.40219.1
Project("{FAE04EC0-301F-11D3-BF4B-00C04F79EFBC}") = "JsonLogicOne", "JsonLogicOne\JsonLogicOne.csproj", "{25F040FD-A032-40FB-8549-644D593B477B}"
EndProject
Global
	GlobalSection(SolutionConfigurationPlatforms) = preSolution
		Debug|Any CPU = Debug|Any CPU
		Release|Any CPU = Release|Any CPU
	EndGlobalSection
	GlobalSection(ProjectConfigurationPlatforms) = postSolution
		{25F040FD-A032-40FB-8549-644D593B477B}.Debug|Any CPU.ActiveCfg = Debug|Any CPU
		{25F040FD-A032-40FB-8549-644D593B477B}.Debug|Any CPU.Build.0 = Debug|Any CPU
		{25F040FD-A032-40FB-8549-644D593B477B}.Release|Any CPU.ActiveCfg = Release|Any CPU
		{25F040FD-A032-40FB-8549-644D593B477B}.Release|Any CPU.Build.0 = Release|Any CPU
	EndGlobalSection
	GlobalSection(SolutionProperties) = preSolution
		HideSolutionNode = FALSE
	EndGlobalSection
	GlobalSection(ExtensibilityGlobals) = postSolution
		SolutionGuid = {B788FFA2-84C2-423D-B28A-E04B5048D5F8}
	EndGlobalSection
EndGlobal
